
Microsoft Visual Studio Solution File, Format Version 12.00
# Visual Studio Version 16
VisualStudioVersion = 16.0.31129.286
MinimumVisualStudioVersion = 10.0.40219.1
Project("{9A19103F-16F7-4668-BE54-9A1E7A4F7556}") = "ebooklist", "ebooklist.csproj", "{F420D871-70FC-4B1A-9743-6C98338DD4BA}"
EndProject
Project("{FAE04EC0-301F-11D3-BF4B-00C04F79EFBC}") = "ebooklistTests", "..\ebooklistTests\ebooklistTests.csproj", "{47361A86-5041-40C5-ABCA-A021DD50531A}"
EndProject
Global
	GlobalSection(SolutionConfigurationPlatforms) = preSolution
		Debug|Any CPU = Debug|Any CPU
		Release|Any CPU = Release|Any CPU
	EndGlobalSection
	GlobalSection(ProjectConfigurationPlatforms) = postSolution
		{F420D871-70FC-4B1A-9743-6C98338DD4BA}.Debug|Any CPU.ActiveCfg = Debug|Any CPU
		{F420D871-70FC-4B1A-9743-6C98338DD4BA}.Debug|Any CPU.Build.0 = Debug|Any CPU
		{F420D871-70FC-4B1A-9743-6C98338DD4BA}.Release|Any CPU.ActiveCfg = Release|Any CPU
		{F420D871-70FC-4B1A-9743-6C98338DD4BA}.Release|Any CPU.Build.0 = Release|Any CPU
		{47361A86-5041-40C5-ABCA-A021DD50531A}.Debug|Any CPU.ActiveCfg = Debug|Any CPU
		{47361A86-5041-40C5-ABCA-A021DD50531A}.Debug|Any CPU.Build.0 = Debug|Any CPU
		{47361A86-5041-40C5-ABCA-A021DD50531A}.Release|Any CPU.ActiveCfg = Release|Any CPU
		{47361A86-5041-40C5-ABCA-A021DD50531A}.Release|Any CPU.Build.0 = Release|Any CPU
	EndGlobalSection
	GlobalSection(SolutionProperties) = preSolution
		HideSolutionNode = FALSE
	EndGlobalSection
	GlobalSection(ExtensibilityGlobals) = postSolution
		SolutionGuid = {1CE75BD6-EA0B-486E-870E-91F91A5F3899}
	EndGlobalSection
EndGlobal
